<Solution>
    <Folder Name="/.github/">
        <File Path=".github\dependabot.yml"/>
    </Folder>
    <Folder Name="/.github/workflows/">
        <File Path=".github\workflows\dotnet.yml"/>
        <File Path=".github\workflows\publish.yml"/>
    </Folder>
    <Folder Name="/Solution Items/"/>
    <Folder Name="/src/">
        <Project Path="src\AStar.Dev.Api.Usage.Sdk\AStar.Dev.Api.Usage.Sdk.csproj" Type="Classic C#"/>
    </Folder>
    <Folder Name="/test/">
        <Project Path="test\AStar.Dev.Api.Usage.Sdk.Tests.Unit\AStar.Dev.Api.Usage.Sdk.Tests.Unit.csproj" Type="Classic C#"/>
    </Folder>
</Solution>
